
Microsoft Visual Studio Solution File, Format Version 12.00
# Visual Studio Version 16
VisualStudioVersion = 16.0.30204.135
MinimumVisualStudioVersion = 10.0.40219.1
Project("{8BC9CEB8-8B4A-11D0-8D11-00A0C91BC942}") = "challenge1", "..\src\challenge1\challenge1.vcxproj", "{8B256A8C-1AFD-4A97-9FFD-6B6266621857}"
EndProject
Project("{8BC9CEB8-8B4A-11D0-8D11-00A0C91BC942}") = "1344-angle-between-hands-of-a-clock", "..\src\1344-angle-between-hands-of-a-clock\1344-angle-between-hands-of-a-clock.vcxproj", "{3F238F37-FABD-4F7B-8ACE-D28526F8B93E}"
EndProject
Project("{8BC9CEB8-8B4A-11D0-8D11-00A0C91BC942}") = "151-reverse-words-in-a-string", "..\src\151-reverse-words-in-a-string\151-reverse-words-in-a-string.vcxproj", "{62B4A0CE-6ACF-45CA-954C-AE2BC68DE9D3}"
EndProject
Project("{8BC9CEB8-8B4A-11D0-8D11-00A0C91BC942}") = "50-pow-x-to-n", "..\src\50-pow-x-to-n\50-pow-x-to-n.vcxproj", "{5988F25F-4F40-408D-8634-9A73DAAB46A4}"
EndProject
Project("{8BC9CEB8-8B4A-11D0-8D11-00A0C91BC942}") = "347-top-k-frequent-elements", "..\src\347-top-k-frequent-elements\347-top-k-frequent-elements.vcxproj", "{D6D3EEA8-827C-4900-8B8C-BC520B21CEA9}"
EndProject
Project("{8BC9CEB8-8B4A-11D0-8D11-00A0C91BC942}") = "904-fruits-into-baskets", "..\src\904-fruits-into-baskets\904-fruits-into-baskets.vcxproj", "{DDC1EF41-050F-4BD5-A74D-9DCC58F0FF75}"
EndProject
Project("{8BC9CEB8-8B4A-11D0-8D11-00A0C91BC942}") = "3-longest-substring-without-repeating-characters", "..\src\3-longest-substring-without-repeating-characters\3-longest-substring-without-repeating-characters.vcxproj", "{E67524C9-4F19-4A54-9538-E5B50C415291}"
EndProject
Project("{8BC9CEB8-8B4A-11D0-8D11-00A0C91BC942}") = "1438-longest-continuous-subarray-with-absolute-diff-less-than-or-equal-to-limit", "..\src\1438-longest-continuous-subarray-with-absolute-diff-less-than-or-equal-to-limit\1438-longest-continuous-subarray-with-absolute-diff-less-than-or-equal-to-limit.vcxproj", "{76425DD2-B00C-4B66-BA84-F181FABC0DD3}"
EndProject
Project("{8BC9CEB8-8B4A-11D0-8D11-00A0C91BC942}") = "438-find-all-anagrams-in-a-string", "..\src\438-find-all-anagrams-in-a-string\438-find-all-anagrams-in-a-string.vcxproj", "{72070B2B-0422-4135-890D-266B4715BE7F}"
EndProject
Project("{8BC9CEB8-8B4A-11D0-8D11-00A0C91BC942}") = "30-substring-with-concatenation-of-all-words", "..\src\30-substring-with-concatenation-of-all-words\30-substring-with-concatenation-of-all-words.vcxproj", "{D2BF367C-94C7-4B30-A2F9-54DE69EBF924}"
EndProject
Project("{8BC9CEB8-8B4A-11D0-8D11-00A0C91BC942}") = "76-minimum-window-substring", "..\src\76-minimum-window-substring\76-minimum-window-substring.vcxproj", "{729EE9EE-BE56-44B9-A10E-0518CB53A076}"
EndProject
Global
	GlobalSection(SolutionConfigurationPlatforms) = preSolution
		Debug|x64 = Debug|x64
		Release|x64 = Release|x64
	EndGlobalSection
	GlobalSection(ProjectConfigurationPlatforms) = postSolution
		{8B256A8C-1AFD-4A97-9FFD-6B6266621857}.Debug|x64.ActiveCfg = Debug|x64
		{8B256A8C-1AFD-4A97-9FFD-6B6266621857}.Debug|x64.Build.0 = Debug|x64
		{8B256A8C-1AFD-4A97-9FFD-6B6266621857}.Release|x64.ActiveCfg = Release|x64
		{8B256A8C-1AFD-4A97-9FFD-6B6266621857}.Release|x64.Build.0 = Release|x64
		{3F238F37-FABD-4F7B-8ACE-D28526F8B93E}.Debug|x64.ActiveCfg = Debug|x64
		{3F238F37-FABD-4F7B-8ACE-D28526F8B93E}.Debug|x64.Build.0 = Debug|x64
		{3F238F37-FABD-4F7B-8ACE-D28526F8B93E}.Release|x64.ActiveCfg = Release|x64
		{3F238F37-FABD-4F7B-8ACE-D28526F8B93E}.Release|x64.Build.0 = Release|x64
		{62B4A0CE-6ACF-45CA-954C-AE2BC68DE9D3}.Debug|x64.ActiveCfg = Debug|x64
		{62B4A0CE-6ACF-45CA-954C-AE2BC68DE9D3}.Debug|x64.Build.0 = Debug|x64
		{62B4A0CE-6ACF-45CA-954C-AE2BC68DE9D3}.Release|x64.ActiveCfg = Release|x64
		{62B4A0CE-6ACF-45CA-954C-AE2BC68DE9D3}.Release|x64.Build.0 = Release|x64
		{5988F25F-4F40-408D-8634-9A73DAAB46A4}.Debug|x64.ActiveCfg = Debug|x64
		{5988F25F-4F40-408D-8634-9A73DAAB46A4}.Debug|x64.Build.0 = Debug|x64
		{5988F25F-4F40-408D-8634-9A73DAAB46A4}.Release|x64.ActiveCfg = Release|x64
		{5988F25F-4F40-408D-8634-9A73DAAB46A4}.Release|x64.Build.0 = Release|x64
		{D6D3EEA8-827C-4900-8B8C-BC520B21CEA9}.Debug|x64.ActiveCfg = Debug|x64
		{D6D3EEA8-827C-4900-8B8C-BC520B21CEA9}.Debug|x64.Build.0 = Debug|x64
		{D6D3EEA8-827C-4900-8B8C-BC520B21CEA9}.Release|x64.ActiveCfg = Release|x64
		{D6D3EEA8-827C-4900-8B8C-BC520B21CEA9}.Release|x64.Build.0 = Release|x64
		{DDC1EF41-050F-4BD5-A74D-9DCC58F0FF75}.Debug|x64.ActiveCfg = Debug|x64
		{DDC1EF41-050F-4BD5-A74D-9DCC58F0FF75}.Debug|x64.Build.0 = Debug|x64
		{DDC1EF41-050F-4BD5-A74D-9DCC58F0FF75}.Release|x64.ActiveCfg = Release|x64
		{DDC1EF41-050F-4BD5-A74D-9DCC58F0FF75}.Release|x64.Build.0 = Release|x64
		{E67524C9-4F19-4A54-9538-E5B50C415291}.Debug|x64.ActiveCfg = Debug|x64
		{E67524C9-4F19-4A54-9538-E5B50C415291}.Debug|x64.Build.0 = Debug|x64
		{E67524C9-4F19-4A54-9538-E5B50C415291}.Release|x64.ActiveCfg = Release|x64
		{E67524C9-4F19-4A54-9538-E5B50C415291}.Release|x64.Build.0 = Release|x64
		{76425DD2-B00C-4B66-BA84-F181FABC0DD3}.Debug|x64.ActiveCfg = Debug|x64
		{76425DD2-B00C-4B66-BA84-F181FABC0DD3}.Debug|x64.Build.0 = Debug|x64
		{76425DD2-B00C-4B66-BA84-F181FABC0DD3}.Release|x64.ActiveCfg = Release|x64
		{76425DD2-B00C-4B66-BA84-F181FABC0DD3}.Release|x64.Build.0 = Release|x64
		{72070B2B-0422-4135-890D-266B4715BE7F}.Debug|x64.ActiveCfg = Debug|x64
		{72070B2B-0422-4135-890D-266B4715BE7F}.Debug|x64.Build.0 = Debug|x64
		{72070B2B-0422-4135-890D-266B4715BE7F}.Release|x64.ActiveCfg = Release|x64
		{72070B2B-0422-4135-890D-266B4715BE7F}.Release|x64.Build.0 = Release|x64
		{D2BF367C-94C7-4B30-A2F9-54DE69EBF924}.Debug|x64.ActiveCfg = Debug|x64
		{D2BF367C-94C7-4B30-A2F9-54DE69EBF924}.Debug|x64.Build.0 = Debug|x64
		{D2BF367C-94C7-4B30-A2F9-54DE69EBF924}.Release|x64.ActiveCfg = Release|x64
		{D2BF367C-94C7-4B30-A2F9-54DE69EBF924}.Release|x64.Build.0 = Release|x64
		{729EE9EE-BE56-44B9-A10E-0518CB53A076}.Debug|x64.ActiveCfg = Debug|x64
		{729EE9EE-BE56-44B9-A10E-0518CB53A076}.Debug|x64.Build.0 = Debug|x64
		{729EE9EE-BE56-44B9-A10E-0518CB53A076}.Release|x64.ActiveCfg = Release|x64
		{729EE9EE-BE56-44B9-A10E-0518CB53A076}.Release|x64.Build.0 = Release|x64
	EndGlobalSection
	GlobalSection(SolutionProperties) = preSolution
		HideSolutionNode = FALSE
	EndGlobalSection
	GlobalSection(ExtensibilityGlobals) = postSolution
		SolutionGuid = {1161426C-7795-4E50-B182-6AFE129F87C8}
	EndGlobalSection
EndGlobal
