
Microsoft Visual Studio Solution File, Format Version 12.00
# Visual Studio Version 16
VisualStudioVersion = 16.0.30204.135
MinimumVisualStudioVersion = 10.0.40219.1
Project("{8BC9CEB8-8B4A-11D0-8D11-00A0C91BC942}") = "challenge1", "..\src\challenge1\challenge1.vcxproj", "{8B256A8C-1AFD-4A97-9FFD-6B6266621857}"
EndProject
Project("{8BC9CEB8-8B4A-11D0-8D11-00A0C91BC942}") = "1344-angle-between-hands-of-a-clock", "..\src\1344-angle-between-hands-of-a-clock\1344-angle-between-hands-of-a-clock.vcxproj", "{3F238F37-FABD-4F7B-8ACE-D28526F8B93E}"
EndProject
Project("{8BC9CEB8-8B4A-11D0-8D11-00A0C91BC942}") = "151-reverse-words-in-a-string", "..\src\151-reverse-words-in-a-string\151-reverse-words-in-a-string.vcxproj", "{62B4A0CE-6ACF-45CA-954C-AE2BC68DE9D3}"
EndProject
Project("{8BC9CEB8-8B4A-11D0-8D11-00A0C91BC942}") = "50-pow-x-to-n", "..\src\50-pow-x-to-n\50-pow-x-to-n.vcxproj", "{5988F25F-4F40-408D-8634-9A73DAAB46A4}"
EndProject
Project("{8BC9CEB8-8B4A-11D0-8D11-00A0C91BC942}") = "347-top-k-frequent-elements", "..\src\347-top-k-frequent-elements\347-top-k-frequent-elements.vcxproj", "{D6D3EEA8-827C-4900-8B8C-BC520B21CEA9}"
EndProject
Project("{8BC9CEB8-8B4A-11D0-8D11-00A0C91BC942}") = "904-fruits-into-baskets", "..\src\904-fruits-into-baskets\904-fruits-into-baskets.vcxproj", "{DDC1EF41-050F-4BD5-A74D-9DCC58F0FF75}"
EndProject
Project("{8BC9CEB8-8B4A-11D0-8D11-00A0C91BC942}") = "3-longest-substring-without-repeating-characters", "..\src\3-longest-substring-without-repeating-characters\3-longest-substring-without-repeating-characters.vcxproj", "{E67524C9-4F19-4A54-9538-E5B50C415291}"
EndProject
Project("{8BC9CEB8-8B4A-11D0-8D11-00A0C91BC942}") = "1438-longest-continuous-subarray-with-absolute-diff-less-than-or-equal-to-limit", "..\src\1438-longest-continuous-subarray-with-absolute-diff-less-than-or-equal-to-limit\1438-longest-continuous-subarray-with-absolute-diff-less-than-or-equal-to-limit.vcxproj", "{76425DD2-B00C-4B66-BA84-F181FABC0DD3}"
EndProject
Project("{8BC9CEB8-8B4A-11D0-8D11-00A0C91BC942}") = "438-find-all-anagrams-in-a-string", "..\src\438-find-all-anagrams-in-a-string\438-find-all-anagrams-in-a-string.vcxproj", "{72070B2B-0422-4135-890D-266B4715BE7F}"
EndProject
Project("{8BC9CEB8-8B4A-11D0-8D11-00A0C91BC942}") = "30-substring-with-concatenation-of-all-words", "..\src\30-substring-with-concatenation-of-all-words\30-substring-with-concatenation-of-all-words.vcxproj", "{D2BF367C-94C7-4B30-A2F9-54DE69EBF924}"
EndProject
Project("{8BC9CEB8-8B4A-11D0-8D11-00A0C91BC942}") = "76-minimum-window-substring", "..\src\76-minimum-window-substring\76-minimum-window-substring.vcxproj", "{729EE9EE-BE56-44B9-A10E-0518CB53A076}"
EndProject
Project("{8BC9CEB8-8B4A-11D0-8D11-00A0C91BC942}") = "567-permutation-in-string", "..\src\567-permutation-in-string\567-permutation-in-string.vcxproj", "{DB4B3BFE-E953-447A-B307-67B9231D33E2}"
EndProject
Project("{8BC9CEB8-8B4A-11D0-8D11-00A0C91BC942}") = "209-minimum-size-subarray-sum", "..\src\209-minimum-size-subarray-sum\209-minimum-size-subarray-sum.vcxproj", "{0D088901-D412-483A-8317-862E869ADA6B}"
EndProject
Project("{8BC9CEB8-8B4A-11D0-8D11-00A0C91BC942}") = "239-sliding-window-maximum", "..\src\239-sliding-window-maximum\239-sliding-window-maximum.vcxproj", "{AAD4AC76-D486-4F2C-A0E1-68A44F5C80D3}"
EndProject
Project("{8BC9CEB8-8B4A-11D0-8D11-00A0C91BC942}") = "416-partition-equal-subset-sum", "..\src\416-partition-equal-subset-sum\416-partition-equal-subset-sum.vcxproj", "{C3EDE6D5-AC82-4AC4-AAAE-C0D02D3C5DC7}"
EndProject
Project("{8BC9CEB8-8B4A-11D0-8D11-00A0C91BC942}") = "138-copy-list-with-random-pointer", "..\src\138-copy-list-with-random-pointer\138-copy-list-with-random-pointer.vcxproj", "{F40A2C0A-53DE-46A2-BCFD-171FAF16C41C}"
EndProject
Project("{8BC9CEB8-8B4A-11D0-8D11-00A0C91BC942}") = "5-longest-palindromic-substring", "..\src\5-longest-palindromic-substring\5-longest-palindromic-substring.vcxproj", "{CD3AF35C-92DE-453B-86C0-04E619AB7A60}"
EndProject
Project("{8BC9CEB8-8B4A-11D0-8D11-00A0C91BC942}") = "200-number-of-islands", "..\src\200-number-of-islands\200-number-of-islands.vcxproj", "{68714EA9-436A-4A1E-9223-F359877D6FB5}"
EndProject
Project("{8BC9CEB8-8B4A-11D0-8D11-00A0C91BC942}") = "937-reorder-data-in-log-files", "..\src\937-reorder-data-in-log-files\937-reorder-data-in-log-files.vcxproj", "{0E0F3B54-0936-46BC-9090-43C2602C6239}"
EndProject
Project("{8BC9CEB8-8B4A-11D0-8D11-00A0C91BC942}") = "977-squares-of-a-sorted-array", "..\src\977-squares-of-a-sorted-array\977-squares-of-a-sorted-array.vcxproj", "{92CAC1D6-87C3-4583-ACD0-86BA550AFC12}"
EndProject
Project("{8BC9CEB8-8B4A-11D0-8D11-00A0C91BC942}") = "1-two-sum", "..\src\1-two-sum\1-two-sum.vcxproj", "{E2E789C0-DC33-4E83-A257-3EB5C030C501}"
EndProject
Project("{8BC9CEB8-8B4A-11D0-8D11-00A0C91BC942}") = "15-three-sum-to-zero", "..\src\15-three-sum-to-zero\15-three-sum-to-zero.vcxproj", "{ECCABD20-2296-4C1C-B25E-85E5CE2A6DD4}"
EndProject
Project("{8BC9CEB8-8B4A-11D0-8D11-00A0C91BC942}") = "42-trapping-rain-water", "..\src\42-trapping-rain-water\42-trapping-rain-water.vcxproj", "{F1895557-28D4-42BF-8C48-BF85C630C911}"
EndProject
Project("{8BC9CEB8-8B4A-11D0-8D11-00A0C91BC942}") = "713-subarray-product-less-than-k", "..\src\713-subarray-product-less-than-k\713-subarray-product-less-than-k.vcxproj", "{F83F074F-5689-4597-9B64-8476809F5E72}"
EndProject
Project("{8BC9CEB8-8B4A-11D0-8D11-00A0C91BC942}") = "18-4sum", "..\src\18-4sum\18-4sum.vcxproj", "{B5963607-8518-4A48-9426-6A83EFD39B26}"
EndProject
Project("{8BC9CEB8-8B4A-11D0-8D11-00A0C91BC942}") = "844-backspace-string-compare", "..\src\844-backspace-string-compare\844-backspace-string-compare.vcxproj", "{A2035DFB-A484-4896-8D5C-94390FFFDE2E}"
EndProject
Project("{8BC9CEB8-8B4A-11D0-8D11-00A0C91BC942}") = "1574-shortest-subarray-to-be-removed-to-make-array-sorted", "..\src\1574-shortest-subarray-to-be-removed-to-make-array-sorted\1574-shortest-subarray-to-be-removed-to-make-array-sorted.vcxproj", "{6BCF32EA-F3B5-405C-B62A-B983FC595097}"
EndProject
Project("{8BC9CEB8-8B4A-11D0-8D11-00A0C91BC942}") = "142-linked-list-cycle-2", "..\src\142-linked-list-cycle-2\142-linked-list-cycle-2.vcxproj", "{2CBD603F-8ECC-43F6-A68F-C35CC8B87ED9}"
EndProject
Project("{8BC9CEB8-8B4A-11D0-8D11-00A0C91BC942}") = "202-happy-number", "..\src\202-happy-number\202-happy-number.vcxproj", "{BBDFFF19-8C7B-4334-8A83-18DECB7A026B}"
EndProject
Project("{8BC9CEB8-8B4A-11D0-8D11-00A0C91BC942}") = "876-middle-of-the-linked-list", "..\src\876-middle-of-the-linked-list\876-middle-of-the-linked-list.vcxproj", "{2093C62F-1A1D-4ACE-9B86-F838D7C536AE}"
EndProject
Project("{8BC9CEB8-8B4A-11D0-8D11-00A0C91BC942}") = "234-palindrome-linked-list", "..\src\234-palindrome-linked-list\234-palindrome-linked-list.vcxproj", "{92A1FE38-340E-4E0F-A01D-8AC3D54EEC33}"
EndProject
Project("{8BC9CEB8-8B4A-11D0-8D11-00A0C91BC942}") = "457-circular-array-loop", "..\src\457-circular-array-loop\457-circular-array-loop.vcxproj", "{B8625FDE-B2F5-4D61-BFE5-C35F6F9BDD70}"
EndProject
Project("{8BC9CEB8-8B4A-11D0-8D11-00A0C91BC942}") = "56-merge-intervals", "..\src\56-merge-intervals\56-merge-intervals.vcxproj", "{C1D6F420-2B0D-4AE5-951A-0D96118C2BB5}"
EndProject
Project("{8BC9CEB8-8B4A-11D0-8D11-00A0C91BC942}") = "252-meeting-rooms", "..\src\252-meeting-rooms\252-meeting-rooms.vcxproj", "{FFD48F76-2EFD-4BAA-8973-C40748C30EC3}"
EndProject
Project("{8BC9CEB8-8B4A-11D0-8D11-00A0C91BC942}") = "57-insert-interval", "..\src\57-insert-interval\57-insert-interval.vcxproj", "{63A0EC3E-D5BD-417F-A884-66F23D30C9DA}"
EndProject
Project("{8BC9CEB8-8B4A-11D0-8D11-00A0C91BC942}") = "986-interval-list-intersections", "..\src\986-interval-list-intersections\986-interval-list-intersections.vcxproj", "{0E8EFE7B-C419-4454-9BC1-E840C551790A}"
EndProject
Project("{8BC9CEB8-8B4A-11D0-8D11-00A0C91BC942}") = "253-meeting-rooms2", "..\src\253-meeting-rooms2\253-meeting-rooms2.vcxproj", "{0B23ED64-1FD9-452A-9A7B-1A7BC30722DC}"
EndProject
Project("{8BC9CEB8-8B4A-11D0-8D11-00A0C91BC942}") = "452-minimum-number-of-arrows-to-burst-balloons", "..\src\452-minimum-number-of-arrows-to-burst-balloons\452-minimum-number-of-arrows-to-burst-balloons.vcxproj", "{1E761357-31C0-4C7D-95D4-859EF332682F}"
EndProject
Project("{8BC9CEB8-8B4A-11D0-8D11-00A0C91BC942}") = "maximum-cpu-load", "..\src\maximum-cpu-load\maximum-cpu-load.vcxproj", "{21BE1373-E4B4-4637-921A-C3131EABF6B4}"
EndProject
Project("{8BC9CEB8-8B4A-11D0-8D11-00A0C91BC942}") = "759-employee-free-time", "..\src\759-employee-free-time\759-employee-free-time.vcxproj", "{8A78C302-BE33-4AA4-A3CD-6D494A99CB9C}"
EndProject
Project("{8BC9CEB8-8B4A-11D0-8D11-00A0C91BC942}") = "268-missing-number", "..\src\268-missing-number\268-missing-number.vcxproj", "{CCCA9622-96A9-495B-8595-A03C34D24C0D}"
EndProject
Project("{8BC9CEB8-8B4A-11D0-8D11-00A0C91BC942}") = "cyclic-sort", "..\src\cyclic-sort\cyclic-sort.vcxproj", "{EE45AC9A-BDA1-4B73-A2D6-D89798851C7B}"
EndProject
Project("{8BC9CEB8-8B4A-11D0-8D11-00A0C91BC942}") = "448-find-all-numbers-disappeared-in-an-array", "..\src\448-find-all-numbers-disappeared-in-an-array\448-find-all-numbers-disappeared-in-an-array.vcxproj", "{E712FBB4-C148-4758-95A9-B3BF1E32C34C}"
EndProject
Project("{8BC9CEB8-8B4A-11D0-8D11-00A0C91BC942}") = "287-find-duplicate-number", "..\src\287-find-duplicate-number\287-find-duplicate-number.vcxproj", "{AD453BED-E336-46E5-B4F4-4018634F0BD7}"
EndProject
Project("{8BC9CEB8-8B4A-11D0-8D11-00A0C91BC942}") = "442-find-all-duplicates-in-an-array", "..\src\442-find-all-duplicates-in-an-array\442-find-all-duplicates-in-an-array.vcxproj", "{1CF8F373-9CF9-4F11-8A8E-643F54590D3B}"
EndProject
Project("{8BC9CEB8-8B4A-11D0-8D11-00A0C91BC942}") = "find-the-corrupt-pair", "..\src\find-the-corrupt-pair\find-the-corrupt-pair.vcxproj", "{636C3DDE-744C-45A6-84BF-D80824F4495E}"
EndProject
Project("{8BC9CEB8-8B4A-11D0-8D11-00A0C91BC942}") = "41-first-missing-positive", "..\src\41-first-missing-positive\41-first-missing-positive.vcxproj", "{CC250338-A913-44D3-B2D1-8521717BBB24}"
EndProject
Project("{8BC9CEB8-8B4A-11D0-8D11-00A0C91BC942}") = "find-the-first-k-missing-positive-numbers", "..\src\find-the-first-k-missing-positive-numbers\find-the-first-k-missing-positive-numbers.vcxproj", "{0E0C17C3-5A90-43FE-A4FF-588B8AB560B4}"
EndProject
Project("{8BC9CEB8-8B4A-11D0-8D11-00A0C91BC942}") = "find-the-smallest-missing-positive-number", "..\src\find-the-smallest-missing-positive-number\find-the-smallest-missing-positive-number.vcxproj", "{39318FDE-C3AA-4AEF-8FD4-7FBF155FF942}"
EndProject
Project("{8BC9CEB8-8B4A-11D0-8D11-00A0C91BC942}") = "1539-kth-missing-positive-number", "..\src\1539-kth-missing-positive-number\1539-kth-missing-positive-number.vcxproj", "{550ACFC9-A09A-45FD-A307-BB67DF7D6175}"
EndProject
Project("{8BC9CEB8-8B4A-11D0-8D11-00A0C91BC942}") = "206-reverse-linked-list", "..\src\206-reverse-linked-list\206-reverse-linked-list.vcxproj", "{905AD066-FC74-4D41-9A87-3123139E3E8E}"
EndProject
Project("{8BC9CEB8-8B4A-11D0-8D11-00A0C91BC942}") = "92-reverse-linked-list-ii", "..\src\92-reverse-linked-list-ii\92-reverse-linked-list-ii.vcxproj", "{356EA0D5-9905-4706-BD40-D41B229E94CC}"
EndProject
Global
	GlobalSection(SolutionConfigurationPlatforms) = preSolution
		Debug|x64 = Debug|x64
		Release|x64 = Release|x64
	EndGlobalSection
	GlobalSection(ProjectConfigurationPlatforms) = postSolution
		{8B256A8C-1AFD-4A97-9FFD-6B6266621857}.Debug|x64.ActiveCfg = Debug|x64
		{8B256A8C-1AFD-4A97-9FFD-6B6266621857}.Debug|x64.Build.0 = Debug|x64
		{8B256A8C-1AFD-4A97-9FFD-6B6266621857}.Release|x64.ActiveCfg = Release|x64
		{8B256A8C-1AFD-4A97-9FFD-6B6266621857}.Release|x64.Build.0 = Release|x64
		{3F238F37-FABD-4F7B-8ACE-D28526F8B93E}.Debug|x64.ActiveCfg = Debug|x64
		{3F238F37-FABD-4F7B-8ACE-D28526F8B93E}.Debug|x64.Build.0 = Debug|x64
		{3F238F37-FABD-4F7B-8ACE-D28526F8B93E}.Release|x64.ActiveCfg = Release|x64
		{3F238F37-FABD-4F7B-8ACE-D28526F8B93E}.Release|x64.Build.0 = Release|x64
		{62B4A0CE-6ACF-45CA-954C-AE2BC68DE9D3}.Debug|x64.ActiveCfg = Debug|x64
		{62B4A0CE-6ACF-45CA-954C-AE2BC68DE9D3}.Debug|x64.Build.0 = Debug|x64
		{62B4A0CE-6ACF-45CA-954C-AE2BC68DE9D3}.Release|x64.ActiveCfg = Release|x64
		{62B4A0CE-6ACF-45CA-954C-AE2BC68DE9D3}.Release|x64.Build.0 = Release|x64
		{5988F25F-4F40-408D-8634-9A73DAAB46A4}.Debug|x64.ActiveCfg = Debug|x64
		{5988F25F-4F40-408D-8634-9A73DAAB46A4}.Debug|x64.Build.0 = Debug|x64
		{5988F25F-4F40-408D-8634-9A73DAAB46A4}.Release|x64.ActiveCfg = Release|x64
		{5988F25F-4F40-408D-8634-9A73DAAB46A4}.Release|x64.Build.0 = Release|x64
		{D6D3EEA8-827C-4900-8B8C-BC520B21CEA9}.Debug|x64.ActiveCfg = Debug|x64
		{D6D3EEA8-827C-4900-8B8C-BC520B21CEA9}.Debug|x64.Build.0 = Debug|x64
		{D6D3EEA8-827C-4900-8B8C-BC520B21CEA9}.Release|x64.ActiveCfg = Release|x64
		{D6D3EEA8-827C-4900-8B8C-BC520B21CEA9}.Release|x64.Build.0 = Release|x64
		{DDC1EF41-050F-4BD5-A74D-9DCC58F0FF75}.Debug|x64.ActiveCfg = Debug|x64
		{DDC1EF41-050F-4BD5-A74D-9DCC58F0FF75}.Debug|x64.Build.0 = Debug|x64
		{DDC1EF41-050F-4BD5-A74D-9DCC58F0FF75}.Release|x64.ActiveCfg = Release|x64
		{DDC1EF41-050F-4BD5-A74D-9DCC58F0FF75}.Release|x64.Build.0 = Release|x64
		{E67524C9-4F19-4A54-9538-E5B50C415291}.Debug|x64.ActiveCfg = Debug|x64
		{E67524C9-4F19-4A54-9538-E5B50C415291}.Debug|x64.Build.0 = Debug|x64
		{E67524C9-4F19-4A54-9538-E5B50C415291}.Release|x64.ActiveCfg = Release|x64
		{E67524C9-4F19-4A54-9538-E5B50C415291}.Release|x64.Build.0 = Release|x64
		{76425DD2-B00C-4B66-BA84-F181FABC0DD3}.Debug|x64.ActiveCfg = Debug|x64
		{76425DD2-B00C-4B66-BA84-F181FABC0DD3}.Debug|x64.Build.0 = Debug|x64
		{76425DD2-B00C-4B66-BA84-F181FABC0DD3}.Release|x64.ActiveCfg = Release|x64
		{76425DD2-B00C-4B66-BA84-F181FABC0DD3}.Release|x64.Build.0 = Release|x64
		{72070B2B-0422-4135-890D-266B4715BE7F}.Debug|x64.ActiveCfg = Debug|x64
		{72070B2B-0422-4135-890D-266B4715BE7F}.Debug|x64.Build.0 = Debug|x64
		{72070B2B-0422-4135-890D-266B4715BE7F}.Release|x64.ActiveCfg = Release|x64
		{72070B2B-0422-4135-890D-266B4715BE7F}.Release|x64.Build.0 = Release|x64
		{D2BF367C-94C7-4B30-A2F9-54DE69EBF924}.Debug|x64.ActiveCfg = Debug|x64
		{D2BF367C-94C7-4B30-A2F9-54DE69EBF924}.Debug|x64.Build.0 = Debug|x64
		{D2BF367C-94C7-4B30-A2F9-54DE69EBF924}.Release|x64.ActiveCfg = Release|x64
		{D2BF367C-94C7-4B30-A2F9-54DE69EBF924}.Release|x64.Build.0 = Release|x64
		{729EE9EE-BE56-44B9-A10E-0518CB53A076}.Debug|x64.ActiveCfg = Debug|x64
		{729EE9EE-BE56-44B9-A10E-0518CB53A076}.Debug|x64.Build.0 = Debug|x64
		{729EE9EE-BE56-44B9-A10E-0518CB53A076}.Release|x64.ActiveCfg = Release|x64
		{729EE9EE-BE56-44B9-A10E-0518CB53A076}.Release|x64.Build.0 = Release|x64
		{DB4B3BFE-E953-447A-B307-67B9231D33E2}.Debug|x64.ActiveCfg = Debug|x64
		{DB4B3BFE-E953-447A-B307-67B9231D33E2}.Debug|x64.Build.0 = Debug|x64
		{DB4B3BFE-E953-447A-B307-67B9231D33E2}.Release|x64.ActiveCfg = Release|x64
		{DB4B3BFE-E953-447A-B307-67B9231D33E2}.Release|x64.Build.0 = Release|x64
		{0D088901-D412-483A-8317-862E869ADA6B}.Debug|x64.ActiveCfg = Debug|x64
		{0D088901-D412-483A-8317-862E869ADA6B}.Debug|x64.Build.0 = Debug|x64
		{0D088901-D412-483A-8317-862E869ADA6B}.Release|x64.ActiveCfg = Release|x64
		{0D088901-D412-483A-8317-862E869ADA6B}.Release|x64.Build.0 = Release|x64
		{AAD4AC76-D486-4F2C-A0E1-68A44F5C80D3}.Debug|x64.ActiveCfg = Debug|x64
		{AAD4AC76-D486-4F2C-A0E1-68A44F5C80D3}.Debug|x64.Build.0 = Debug|x64
		{AAD4AC76-D486-4F2C-A0E1-68A44F5C80D3}.Release|x64.ActiveCfg = Release|x64
		{AAD4AC76-D486-4F2C-A0E1-68A44F5C80D3}.Release|x64.Build.0 = Release|x64
		{C3EDE6D5-AC82-4AC4-AAAE-C0D02D3C5DC7}.Debug|x64.ActiveCfg = Debug|x64
		{C3EDE6D5-AC82-4AC4-AAAE-C0D02D3C5DC7}.Debug|x64.Build.0 = Debug|x64
		{C3EDE6D5-AC82-4AC4-AAAE-C0D02D3C5DC7}.Release|x64.ActiveCfg = Release|x64
		{C3EDE6D5-AC82-4AC4-AAAE-C0D02D3C5DC7}.Release|x64.Build.0 = Release|x64
		{F40A2C0A-53DE-46A2-BCFD-171FAF16C41C}.Debug|x64.ActiveCfg = Debug|x64
		{F40A2C0A-53DE-46A2-BCFD-171FAF16C41C}.Debug|x64.Build.0 = Debug|x64
		{F40A2C0A-53DE-46A2-BCFD-171FAF16C41C}.Release|x64.ActiveCfg = Release|x64
		{F40A2C0A-53DE-46A2-BCFD-171FAF16C41C}.Release|x64.Build.0 = Release|x64
		{CD3AF35C-92DE-453B-86C0-04E619AB7A60}.Debug|x64.ActiveCfg = Debug|x64
		{CD3AF35C-92DE-453B-86C0-04E619AB7A60}.Debug|x64.Build.0 = Debug|x64
		{CD3AF35C-92DE-453B-86C0-04E619AB7A60}.Release|x64.ActiveCfg = Release|x64
		{CD3AF35C-92DE-453B-86C0-04E619AB7A60}.Release|x64.Build.0 = Release|x64
		{68714EA9-436A-4A1E-9223-F359877D6FB5}.Debug|x64.ActiveCfg = Debug|x64
		{68714EA9-436A-4A1E-9223-F359877D6FB5}.Debug|x64.Build.0 = Debug|x64
		{68714EA9-436A-4A1E-9223-F359877D6FB5}.Release|x64.ActiveCfg = Release|x64
		{68714EA9-436A-4A1E-9223-F359877D6FB5}.Release|x64.Build.0 = Release|x64
		{0E0F3B54-0936-46BC-9090-43C2602C6239}.Debug|x64.ActiveCfg = Debug|x64
		{0E0F3B54-0936-46BC-9090-43C2602C6239}.Debug|x64.Build.0 = Debug|x64
		{0E0F3B54-0936-46BC-9090-43C2602C6239}.Release|x64.ActiveCfg = Release|x64
		{0E0F3B54-0936-46BC-9090-43C2602C6239}.Release|x64.Build.0 = Release|x64
		{92CAC1D6-87C3-4583-ACD0-86BA550AFC12}.Debug|x64.ActiveCfg = Debug|x64
		{92CAC1D6-87C3-4583-ACD0-86BA550AFC12}.Debug|x64.Build.0 = Debug|x64
		{92CAC1D6-87C3-4583-ACD0-86BA550AFC12}.Release|x64.ActiveCfg = Release|x64
		{92CAC1D6-87C3-4583-ACD0-86BA550AFC12}.Release|x64.Build.0 = Release|x64
		{E2E789C0-DC33-4E83-A257-3EB5C030C501}.Debug|x64.ActiveCfg = Debug|x64
		{E2E789C0-DC33-4E83-A257-3EB5C030C501}.Debug|x64.Build.0 = Debug|x64
		{E2E789C0-DC33-4E83-A257-3EB5C030C501}.Release|x64.ActiveCfg = Release|x64
		{E2E789C0-DC33-4E83-A257-3EB5C030C501}.Release|x64.Build.0 = Release|x64
		{ECCABD20-2296-4C1C-B25E-85E5CE2A6DD4}.Debug|x64.ActiveCfg = Debug|x64
		{ECCABD20-2296-4C1C-B25E-85E5CE2A6DD4}.Debug|x64.Build.0 = Debug|x64
		{ECCABD20-2296-4C1C-B25E-85E5CE2A6DD4}.Release|x64.ActiveCfg = Release|x64
		{ECCABD20-2296-4C1C-B25E-85E5CE2A6DD4}.Release|x64.Build.0 = Release|x64
		{F1895557-28D4-42BF-8C48-BF85C630C911}.Debug|x64.ActiveCfg = Debug|x64
		{F1895557-28D4-42BF-8C48-BF85C630C911}.Debug|x64.Build.0 = Debug|x64
		{F1895557-28D4-42BF-8C48-BF85C630C911}.Release|x64.ActiveCfg = Release|x64
		{F1895557-28D4-42BF-8C48-BF85C630C911}.Release|x64.Build.0 = Release|x64
		{F83F074F-5689-4597-9B64-8476809F5E72}.Debug|x64.ActiveCfg = Debug|x64
		{F83F074F-5689-4597-9B64-8476809F5E72}.Debug|x64.Build.0 = Debug|x64
		{F83F074F-5689-4597-9B64-8476809F5E72}.Release|x64.ActiveCfg = Release|x64
		{F83F074F-5689-4597-9B64-8476809F5E72}.Release|x64.Build.0 = Release|x64
		{B5963607-8518-4A48-9426-6A83EFD39B26}.Debug|x64.ActiveCfg = Debug|x64
		{B5963607-8518-4A48-9426-6A83EFD39B26}.Debug|x64.Build.0 = Debug|x64
		{B5963607-8518-4A48-9426-6A83EFD39B26}.Release|x64.ActiveCfg = Release|x64
		{B5963607-8518-4A48-9426-6A83EFD39B26}.Release|x64.Build.0 = Release|x64
		{A2035DFB-A484-4896-8D5C-94390FFFDE2E}.Debug|x64.ActiveCfg = Debug|x64
		{A2035DFB-A484-4896-8D5C-94390FFFDE2E}.Debug|x64.Build.0 = Debug|x64
		{A2035DFB-A484-4896-8D5C-94390FFFDE2E}.Release|x64.ActiveCfg = Release|x64
		{A2035DFB-A484-4896-8D5C-94390FFFDE2E}.Release|x64.Build.0 = Release|x64
		{6BCF32EA-F3B5-405C-B62A-B983FC595097}.Debug|x64.ActiveCfg = Debug|x64
		{6BCF32EA-F3B5-405C-B62A-B983FC595097}.Debug|x64.Build.0 = Debug|x64
		{6BCF32EA-F3B5-405C-B62A-B983FC595097}.Release|x64.ActiveCfg = Release|x64
		{6BCF32EA-F3B5-405C-B62A-B983FC595097}.Release|x64.Build.0 = Release|x64
		{2CBD603F-8ECC-43F6-A68F-C35CC8B87ED9}.Debug|x64.ActiveCfg = Debug|x64
		{2CBD603F-8ECC-43F6-A68F-C35CC8B87ED9}.Debug|x64.Build.0 = Debug|x64
		{2CBD603F-8ECC-43F6-A68F-C35CC8B87ED9}.Release|x64.ActiveCfg = Release|x64
		{2CBD603F-8ECC-43F6-A68F-C35CC8B87ED9}.Release|x64.Build.0 = Release|x64
		{BBDFFF19-8C7B-4334-8A83-18DECB7A026B}.Debug|x64.ActiveCfg = Debug|x64
		{BBDFFF19-8C7B-4334-8A83-18DECB7A026B}.Debug|x64.Build.0 = Debug|x64
		{BBDFFF19-8C7B-4334-8A83-18DECB7A026B}.Release|x64.ActiveCfg = Release|x64
		{BBDFFF19-8C7B-4334-8A83-18DECB7A026B}.Release|x64.Build.0 = Release|x64
		{2093C62F-1A1D-4ACE-9B86-F838D7C536AE}.Debug|x64.ActiveCfg = Debug|x64
		{2093C62F-1A1D-4ACE-9B86-F838D7C536AE}.Debug|x64.Build.0 = Debug|x64
		{2093C62F-1A1D-4ACE-9B86-F838D7C536AE}.Release|x64.ActiveCfg = Release|x64
		{2093C62F-1A1D-4ACE-9B86-F838D7C536AE}.Release|x64.Build.0 = Release|x64
		{92A1FE38-340E-4E0F-A01D-8AC3D54EEC33}.Debug|x64.ActiveCfg = Debug|x64
		{92A1FE38-340E-4E0F-A01D-8AC3D54EEC33}.Debug|x64.Build.0 = Debug|x64
		{92A1FE38-340E-4E0F-A01D-8AC3D54EEC33}.Release|x64.ActiveCfg = Release|x64
		{92A1FE38-340E-4E0F-A01D-8AC3D54EEC33}.Release|x64.Build.0 = Release|x64
		{B8625FDE-B2F5-4D61-BFE5-C35F6F9BDD70}.Debug|x64.ActiveCfg = Debug|x64
		{B8625FDE-B2F5-4D61-BFE5-C35F6F9BDD70}.Debug|x64.Build.0 = Debug|x64
		{B8625FDE-B2F5-4D61-BFE5-C35F6F9BDD70}.Release|x64.ActiveCfg = Release|x64
		{B8625FDE-B2F5-4D61-BFE5-C35F6F9BDD70}.Release|x64.Build.0 = Release|x64
		{C1D6F420-2B0D-4AE5-951A-0D96118C2BB5}.Debug|x64.ActiveCfg = Debug|x64
		{C1D6F420-2B0D-4AE5-951A-0D96118C2BB5}.Debug|x64.Build.0 = Debug|x64
		{C1D6F420-2B0D-4AE5-951A-0D96118C2BB5}.Release|x64.ActiveCfg = Release|x64
		{C1D6F420-2B0D-4AE5-951A-0D96118C2BB5}.Release|x64.Build.0 = Release|x64
		{FFD48F76-2EFD-4BAA-8973-C40748C30EC3}.Debug|x64.ActiveCfg = Debug|x64
		{FFD48F76-2EFD-4BAA-8973-C40748C30EC3}.Debug|x64.Build.0 = Debug|x64
		{FFD48F76-2EFD-4BAA-8973-C40748C30EC3}.Release|x64.ActiveCfg = Release|x64
		{FFD48F76-2EFD-4BAA-8973-C40748C30EC3}.Release|x64.Build.0 = Release|x64
		{63A0EC3E-D5BD-417F-A884-66F23D30C9DA}.Debug|x64.ActiveCfg = Debug|x64
		{63A0EC3E-D5BD-417F-A884-66F23D30C9DA}.Debug|x64.Build.0 = Debug|x64
		{63A0EC3E-D5BD-417F-A884-66F23D30C9DA}.Release|x64.ActiveCfg = Release|x64
		{63A0EC3E-D5BD-417F-A884-66F23D30C9DA}.Release|x64.Build.0 = Release|x64
		{0E8EFE7B-C419-4454-9BC1-E840C551790A}.Debug|x64.ActiveCfg = Debug|x64
		{0E8EFE7B-C419-4454-9BC1-E840C551790A}.Debug|x64.Build.0 = Debug|x64
		{0E8EFE7B-C419-4454-9BC1-E840C551790A}.Release|x64.ActiveCfg = Release|x64
		{0E8EFE7B-C419-4454-9BC1-E840C551790A}.Release|x64.Build.0 = Release|x64
		{0B23ED64-1FD9-452A-9A7B-1A7BC30722DC}.Debug|x64.ActiveCfg = Debug|x64
		{0B23ED64-1FD9-452A-9A7B-1A7BC30722DC}.Debug|x64.Build.0 = Debug|x64
		{0B23ED64-1FD9-452A-9A7B-1A7BC30722DC}.Release|x64.ActiveCfg = Release|x64
		{0B23ED64-1FD9-452A-9A7B-1A7BC30722DC}.Release|x64.Build.0 = Release|x64
		{1E761357-31C0-4C7D-95D4-859EF332682F}.Debug|x64.ActiveCfg = Debug|x64
		{1E761357-31C0-4C7D-95D4-859EF332682F}.Debug|x64.Build.0 = Debug|x64
		{1E761357-31C0-4C7D-95D4-859EF332682F}.Release|x64.ActiveCfg = Release|x64
		{1E761357-31C0-4C7D-95D4-859EF332682F}.Release|x64.Build.0 = Release|x64
		{21BE1373-E4B4-4637-921A-C3131EABF6B4}.Debug|x64.ActiveCfg = Debug|x64
		{21BE1373-E4B4-4637-921A-C3131EABF6B4}.Debug|x64.Build.0 = Debug|x64
		{21BE1373-E4B4-4637-921A-C3131EABF6B4}.Release|x64.ActiveCfg = Release|x64
		{21BE1373-E4B4-4637-921A-C3131EABF6B4}.Release|x64.Build.0 = Release|x64
		{8A78C302-BE33-4AA4-A3CD-6D494A99CB9C}.Debug|x64.ActiveCfg = Debug|x64
		{8A78C302-BE33-4AA4-A3CD-6D494A99CB9C}.Debug|x64.Build.0 = Debug|x64
		{8A78C302-BE33-4AA4-A3CD-6D494A99CB9C}.Release|x64.ActiveCfg = Release|x64
		{8A78C302-BE33-4AA4-A3CD-6D494A99CB9C}.Release|x64.Build.0 = Release|x64
		{CCCA9622-96A9-495B-8595-A03C34D24C0D}.Debug|x64.ActiveCfg = Debug|x64
		{CCCA9622-96A9-495B-8595-A03C34D24C0D}.Debug|x64.Build.0 = Debug|x64
		{CCCA9622-96A9-495B-8595-A03C34D24C0D}.Release|x64.ActiveCfg = Release|x64
		{CCCA9622-96A9-495B-8595-A03C34D24C0D}.Release|x64.Build.0 = Release|x64
		{EE45AC9A-BDA1-4B73-A2D6-D89798851C7B}.Debug|x64.ActiveCfg = Debug|x64
		{EE45AC9A-BDA1-4B73-A2D6-D89798851C7B}.Debug|x64.Build.0 = Debug|x64
		{EE45AC9A-BDA1-4B73-A2D6-D89798851C7B}.Release|x64.ActiveCfg = Release|x64
		{EE45AC9A-BDA1-4B73-A2D6-D89798851C7B}.Release|x64.Build.0 = Release|x64
		{E712FBB4-C148-4758-95A9-B3BF1E32C34C}.Debug|x64.ActiveCfg = Debug|x64
		{E712FBB4-C148-4758-95A9-B3BF1E32C34C}.Debug|x64.Build.0 = Debug|x64
		{E712FBB4-C148-4758-95A9-B3BF1E32C34C}.Release|x64.ActiveCfg = Release|x64
		{E712FBB4-C148-4758-95A9-B3BF1E32C34C}.Release|x64.Build.0 = Release|x64
		{AD453BED-E336-46E5-B4F4-4018634F0BD7}.Debug|x64.ActiveCfg = Debug|x64
		{AD453BED-E336-46E5-B4F4-4018634F0BD7}.Debug|x64.Build.0 = Debug|x64
		{AD453BED-E336-46E5-B4F4-4018634F0BD7}.Release|x64.ActiveCfg = Release|x64
		{AD453BED-E336-46E5-B4F4-4018634F0BD7}.Release|x64.Build.0 = Release|x64
		{1CF8F373-9CF9-4F11-8A8E-643F54590D3B}.Debug|x64.ActiveCfg = Debug|x64
		{1CF8F373-9CF9-4F11-8A8E-643F54590D3B}.Debug|x64.Build.0 = Debug|x64
		{1CF8F373-9CF9-4F11-8A8E-643F54590D3B}.Release|x64.ActiveCfg = Release|x64
		{1CF8F373-9CF9-4F11-8A8E-643F54590D3B}.Release|x64.Build.0 = Release|x64
		{636C3DDE-744C-45A6-84BF-D80824F4495E}.Debug|x64.ActiveCfg = Debug|x64
		{636C3DDE-744C-45A6-84BF-D80824F4495E}.Debug|x64.Build.0 = Debug|x64
		{636C3DDE-744C-45A6-84BF-D80824F4495E}.Release|x64.ActiveCfg = Release|x64
		{636C3DDE-744C-45A6-84BF-D80824F4495E}.Release|x64.Build.0 = Release|x64
		{CC250338-A913-44D3-B2D1-8521717BBB24}.Debug|x64.ActiveCfg = Debug|x64
		{CC250338-A913-44D3-B2D1-8521717BBB24}.Debug|x64.Build.0 = Debug|x64
		{CC250338-A913-44D3-B2D1-8521717BBB24}.Release|x64.ActiveCfg = Release|x64
		{CC250338-A913-44D3-B2D1-8521717BBB24}.Release|x64.Build.0 = Release|x64
		{0E0C17C3-5A90-43FE-A4FF-588B8AB560B4}.Debug|x64.ActiveCfg = Debug|x64
		{0E0C17C3-5A90-43FE-A4FF-588B8AB560B4}.Debug|x64.Build.0 = Debug|x64
		{0E0C17C3-5A90-43FE-A4FF-588B8AB560B4}.Release|x64.ActiveCfg = Release|x64
		{0E0C17C3-5A90-43FE-A4FF-588B8AB560B4}.Release|x64.Build.0 = Release|x64
		{39318FDE-C3AA-4AEF-8FD4-7FBF155FF942}.Debug|x64.ActiveCfg = Debug|x64
		{39318FDE-C3AA-4AEF-8FD4-7FBF155FF942}.Debug|x64.Build.0 = Debug|x64
		{39318FDE-C3AA-4AEF-8FD4-7FBF155FF942}.Release|x64.ActiveCfg = Release|x64
		{39318FDE-C3AA-4AEF-8FD4-7FBF155FF942}.Release|x64.Build.0 = Release|x64
		{550ACFC9-A09A-45FD-A307-BB67DF7D6175}.Debug|x64.ActiveCfg = Debug|x64
		{550ACFC9-A09A-45FD-A307-BB67DF7D6175}.Debug|x64.Build.0 = Debug|x64
		{550ACFC9-A09A-45FD-A307-BB67DF7D6175}.Release|x64.ActiveCfg = Release|x64
		{550ACFC9-A09A-45FD-A307-BB67DF7D6175}.Release|x64.Build.0 = Release|x64
		{905AD066-FC74-4D41-9A87-3123139E3E8E}.Debug|x64.ActiveCfg = Debug|x64
		{905AD066-FC74-4D41-9A87-3123139E3E8E}.Debug|x64.Build.0 = Debug|x64
		{905AD066-FC74-4D41-9A87-3123139E3E8E}.Release|x64.ActiveCfg = Release|x64
		{905AD066-FC74-4D41-9A87-3123139E3E8E}.Release|x64.Build.0 = Release|x64
		{356EA0D5-9905-4706-BD40-D41B229E94CC}.Debug|x64.ActiveCfg = Debug|x64
		{356EA0D5-9905-4706-BD40-D41B229E94CC}.Debug|x64.Build.0 = Debug|x64
		{356EA0D5-9905-4706-BD40-D41B229E94CC}.Release|x64.ActiveCfg = Release|x64
		{356EA0D5-9905-4706-BD40-D41B229E94CC}.Release|x64.Build.0 = Release|x64
	EndGlobalSection
	GlobalSection(SolutionProperties) = preSolution
		HideSolutionNode = FALSE
	EndGlobalSection
	GlobalSection(ExtensibilityGlobals) = postSolution
		SolutionGuid = {1161426C-7795-4E50-B182-6AFE129F87C8}
	EndGlobalSection
EndGlobal
